
Microsoft Visual Studio Solution File, Format Version 12.00
# Visual Studio Version 16
VisualStudioVersion = 16.0.30717.126
MinimumVisualStudioVersion = 10.0.40219.1
Project("{9A19103F-16F7-4668-BE54-9A1E7A4F7556}") = "Beam.Server", "Server\Beam.Server.csproj", "{C157F5A1-C08D-4C2F-A585-06165F336B64}"
EndProject
Project("{9A19103F-16F7-4668-BE54-9A1E7A4F7556}") = "Beam.Client", "Client\Beam.Client.csproj", "{B9DBDD57-799F-4272-9A70-16E08B361880}"
EndProject
Project("{9A19103F-16F7-4668-BE54-9A1E7A4F7556}") = "Beam.Shared", "Shared\Beam.Shared.csproj", "{D8C070A4-C887-494D-94CC-0AB801A36D48}"
EndProject
Project("{9A19103F-16F7-4668-BE54-9A1E7A4F7556}") = "Beam.Data", "Beam.Data\Beam.Data.csproj", "{8CF47F48-9B30-4C2E-91C9-097B8781C6F3}"
EndProject
Project("{FAE04EC0-301F-11D3-BF4B-00C04F79EFBC}") = "Beam.Tests", "Beam.Tests\Beam.Tests.csproj", "{A3FB1DC0-6D8F-4187-A6E4-3A4DC0EF5153}"
EndProject
Global
	GlobalSection(SolutionConfigurationPlatforms) = preSolution
		Debug|Any CPU = Debug|Any CPU
		Release|Any CPU = Release|Any CPU
	EndGlobalSection
	GlobalSection(ProjectConfigurationPlatforms) = postSolution
		{C157F5A1-C08D-4C2F-A585-06165F336B64}.Debug|Any CPU.ActiveCfg = Debug|Any CPU
		{C157F5A1-C08D-4C2F-A585-06165F336B64}.Debug|Any CPU.Build.0 = Debug|Any CPU
		{C157F5A1-C08D-4C2F-A585-06165F336B64}.Release|Any CPU.ActiveCfg = Release|Any CPU
		{C157F5A1-C08D-4C2F-A585-06165F336B64}.Release|Any CPU.Build.0 = Release|Any CPU
		{B9DBDD57-799F-4272-9A70-16E08B361880}.Debug|Any CPU.ActiveCfg = Debug|Any CPU
		{B9DBDD57-799F-4272-9A70-16E08B361880}.Debug|Any CPU.Build.0 = Debug|Any CPU
		{B9DBDD57-799F-4272-9A70-16E08B361880}.Release|Any CPU.ActiveCfg = Release|Any CPU
		{B9DBDD57-799F-4272-9A70-16E08B361880}.Release|Any CPU.Build.0 = Release|Any CPU
		{D8C070A4-C887-494D-94CC-0AB801A36D48}.Debug|Any CPU.ActiveCfg = Debug|Any CPU
		{D8C070A4-C887-494D-94CC-0AB801A36D48}.Debug|Any CPU.Build.0 = Debug|Any CPU
		{D8C070A4-C887-494D-94CC-0AB801A36D48}.Release|Any CPU.ActiveCfg = Release|Any CPU
		{D8C070A4-C887-494D-94CC-0AB801A36D48}.Release|Any CPU.Build.0 = Release|Any CPU
		{8CF47F48-9B30-4C2E-91C9-097B8781C6F3}.Debug|Any CPU.ActiveCfg = Debug|Any CPU
		{8CF47F48-9B30-4C2E-91C9-097B8781C6F3}.Debug|Any CPU.Build.0 = Debug|Any CPU
		{8CF47F48-9B30-4C2E-91C9-097B8781C6F3}.Release|Any CPU.ActiveCfg = Release|Any CPU
		{8CF47F48-9B30-4C2E-91C9-097B8781C6F3}.Release|Any CPU.Build.0 = Release|Any CPU
		{A3FB1DC0-6D8F-4187-A6E4-3A4DC0EF5153}.Debug|Any CPU.ActiveCfg = Debug|Any CPU
		{A3FB1DC0-6D8F-4187-A6E4-3A4DC0EF5153}.Debug|Any CPU.Build.0 = Debug|Any CPU
		{A3FB1DC0-6D8F-4187-A6E4-3A4DC0EF5153}.Release|Any CPU.ActiveCfg = Release|Any CPU
		{A3FB1DC0-6D8F-4187-A6E4-3A4DC0EF5153}.Release|Any CPU.Build.0 = Release|Any CPU
	EndGlobalSection
	GlobalSection(SolutionProperties) = preSolution
		HideSolutionNode = FALSE
	EndGlobalSection
	GlobalSection(ExtensibilityGlobals) = postSolution
		SolutionGuid = {025F564F-C85D-4EB5-8B93-D2C3AD1B422C}
	EndGlobalSection
EndGlobal
